
Microsoft Visual Studio Solution File, Format Version 12.00
# Visual Studio Version 16
VisualStudioVersion = 16.0.31613.86
MinimumVisualStudioVersion = 10.0.40219.1
Project("{8BC9CEB8-8B4A-11D0-8D11-00A0C91BC942}") = "wolf island", "wolf island\wolf island.vcxproj", "{F2DDC216-A72F-47D7-8EF5-081E58C68C9F}"
EndProject
Global
	GlobalSection(SolutionConfigurationPlatforms) = preSolution
		Debug|x64 = Debug|x64
		Debug|x86 = Debug|x86
		Release|x64 = Release|x64
		Release|x86 = Release|x86
	EndGlobalSection
	GlobalSection(ProjectConfigurationPlatforms) = postSolution
		{F2DDC216-A72F-47D7-8EF5-081E58C68C9F}.Debug|x64.ActiveCfg = Debug|x64
		{F2DDC216-A72F-47D7-8EF5-081E58C68C9F}.Debug|x64.Build.0 = Debug|x64
		{F2DDC216-A72F-47D7-8EF5-081E58C68C9F}.Debug|x86.ActiveCfg = Debug|Win32
		{F2DDC216-A72F-47D7-8EF5-081E58C68C9F}.Debug|x86.Build.0 = Debug|Win32
		{F2DDC216-A72F-47D7-8EF5-081E58C68C9F}.Release|x64.ActiveCfg = Release|x64
		{F2DDC216-A72F-47D7-8EF5-081E58C68C9F}.Release|x64.Build.0 = Release|x64
		{F2DDC216-A72F-47D7-8EF5-081E58C68C9F}.Release|x86.ActiveCfg = Release|Win32
		{F2DDC216-A72F-47D7-8EF5-081E58C68C9F}.Release|x86.Build.0 = Release|Win32
	EndGlobalSection
	GlobalSection(SolutionProperties) = preSolution
		HideSolutionNode = FALSE
	EndGlobalSection
	GlobalSection(ExtensibilityGlobals) = postSolution
		SolutionGuid = {35EC301A-7FD2-47A7-942F-0DC0A0991379}
	EndGlobalSection
EndGlobal
